
Microsoft Visual Studio Solution File, Format Version 12.00
# Visual Studio Version 16
VisualStudioVersion = 16.0.29519.87
MinimumVisualStudioVersion = 10.0.40219.1
Project("{FAE04EC0-301F-11D3-BF4B-00C04F79EFBC}") = "WinformFirstTest", "WinformFirstTest\WinformFirstTest.csproj", "{873004FE-D512-4F6A-B512-34162A20F425}"
EndProject
Project("{FAE04EC0-301F-11D3-BF4B-00C04F79EFBC}") = "WhatsupApp", "WhatsupApp\WhatsupApp.csproj", "{814A52AF-680A-467F-8DD6-4646B1A591F4}"
EndProject
Global
	GlobalSection(SolutionConfigurationPlatforms) = preSolution
		Debug|Any CPU = Debug|Any CPU
		Release|Any CPU = Release|Any CPU
	EndGlobalSection
	GlobalSection(ProjectConfigurationPlatforms) = postSolution
		{873004FE-D512-4F6A-B512-34162A20F425}.Debug|Any CPU.ActiveCfg = Debug|Any CPU
		{873004FE-D512-4F6A-B512-34162A20F425}.Debug|Any CPU.Build.0 = Debug|Any CPU
		{873004FE-D512-4F6A-B512-34162A20F425}.Release|Any CPU.ActiveCfg = Release|Any CPU
		{873004FE-D512-4F6A-B512-34162A20F425}.Release|Any CPU.Build.0 = Release|Any CPU
		{814A52AF-680A-467F-8DD6-4646B1A591F4}.Debug|Any CPU.ActiveCfg = Debug|Any CPU
		{814A52AF-680A-467F-8DD6-4646B1A591F4}.Debug|Any CPU.Build.0 = Debug|Any CPU
		{814A52AF-680A-467F-8DD6-4646B1A591F4}.Release|Any CPU.ActiveCfg = Release|Any CPU
		{814A52AF-680A-467F-8DD6-4646B1A591F4}.Release|Any CPU.Build.0 = Release|Any CPU
	EndGlobalSection
	GlobalSection(SolutionProperties) = preSolution
		HideSolutionNode = FALSE
	EndGlobalSection
	GlobalSection(ExtensibilityGlobals) = postSolution
		SolutionGuid = {7537FFDF-B367-4288-84CF-E27D940550DB}
	EndGlobalSection
EndGlobal
